
Microsoft Visual Studio Solution File, Format Version 12.00
# Visual Studio 15
VisualStudioVersion = 15.0.28010.2048
MinimumVisualStudioVersion = 10.0.40219.1
Project("{FAE04EC0-301F-11D3-BF4B-00C04F79EFBC}") = "PatientCoreApi", "PatientCoreApi\PatientCoreApi.csproj", "{6641389B-9ABE-4E3D-B1FA-C94A7DD33CDF}"
EndProject
Global
	GlobalSection(SolutionConfigurationPlatforms) = preSolution
		Debug|Any CPU = Debug|Any CPU
		Release|Any CPU = Release|Any CPU
	EndGlobalSection
	GlobalSection(ProjectConfigurationPlatforms) = postSolution
		{6641389B-9ABE-4E3D-B1FA-C94A7DD33CDF}.Debug|Any CPU.ActiveCfg = Debug|Any CPU
		{6641389B-9ABE-4E3D-B1FA-C94A7DD33CDF}.Debug|Any CPU.Build.0 = Debug|Any CPU
		{6641389B-9ABE-4E3D-B1FA-C94A7DD33CDF}.Release|Any CPU.ActiveCfg = Release|Any CPU
		{6641389B-9ABE-4E3D-B1FA-C94A7DD33CDF}.Release|Any CPU.Build.0 = Release|Any CPU
	EndGlobalSection
	GlobalSection(SolutionProperties) = preSolution
		HideSolutionNode = FALSE
	EndGlobalSection
	GlobalSection(ExtensibilityGlobals) = postSolution
		SolutionGuid = {CF97256A-9E42-467D-A7B6-33C00EBB847A}
	EndGlobalSection
EndGlobal
